# This file is automatically @generated by Cargo.
# It is not intended for manual editing.
version = 4

[[package]]
name = "unchessed-adapter"
version = "0.2.3"
dependencies = [
 "unchessed-core",
]

[[package]]
name = "unchessed-core"
version = "0.2.3"

[[package]]
name = "unchessed-datagen"
version = "0.1.0"
dependencies = [
 "unchessed-core",
]

[[package]]
name = "unchessed-reviewer"
version = "0.2.3"
dependencies = [
 "unchessed-core",
]
